{
  "name": "test-library",
  "version": "1.0.0",
  "lockfileVersion": 2,
  "requires": true,
  "packages": {
    "": {
      "name": "test-library",
      "version": "1.0.0",
      "license": "ISC",
      "devDependencies": {
        "esbuild": "0.17.11",
        "rimraf": "4.4.0",
        "typescript": "4.9.5"
      }
    },
    "node_modules/@esbuild/android-arm": {
      "version": "0.17.11",
      "resolved": "https://nexus-ci.delta.sbrf.ru/repository/npm-all/@esbuild/android-arm/-/android-arm-0.17.11.tgz",
      "integrity": "sha1-8/x2gjWuy+uEDQBJ/fE80oWSEF8=",
      "dev": true,
      "license": "MIT",
      "optional": true,
      "engines": {
        "node": ">=12"
      }
    },
    "node_modules/@esbuild/android-arm64": {
      "version": "0.17.11",
      "resolved": "https://nexus-ci.delta.sbrf.ru/repository/npm-all/@esbuild/android-arm64/-/android-arm64-0.17.11.tgz",
      "integrity": "sha1-UsPmyrwZxeTBwMActY8EQjOOHBQ=",
      "dev": true,
      "license": "MIT",
      "optional": true,
      "engines": {
        "node": ">=12"
      }
    },
    "node_modules/@esbuild/android-x64": {
      "version": "0.17.11",
      "resolved": "https://nexus-ci.delta.sbrf.ru/repository/npm-all/@esbuild/android-x64/-/android-x64-0.17.11.tgz",
      "integrity": "sha1-RD7Ud3Gn6RfkKCRpujUNEXRzVQw=",
      "dev": true,
      "license": "MIT",
      "optional": true,
      "engines": {
        "node": ">=12"
      }
    },
    "node_modules/@esbuild/darwin-arm64": {
      "version": "0.17.11",
      "resolved": "https://nexus-ci.delta.sbrf.ru/repository/npm-all/@esbuild/darwin-arm64/-/darwin-arm64-0.17.11.tgz",
      "integrity": "sha1-Dox42U1XWaSFIdv9gxidLtNJmhY=",
      "dev": true,
      "license": "MIT",
      "optional": true,
      "engines": {
        "node": ">=12"
      }
    },
    "node_modules/@esbuild/darwin-x64": {
      "version": "0.17.11",
      "resolved": "https://nexus-ci.delta.sbrf.ru/repository/npm-all/@esbuild/darwin-x64/-/darwin-x64-0.17.11.tgz",
      "integrity": "sha1-JAXP33Drlhx8+XNGPKcmPcIATIg=",
      "dev": true,
      "license": "MIT",
      "optional": true,
      "engines": {
        "node": ">=12"
      }
    },
    "node_modules/@esbuild/freebsd-arm64": {
      "version": "0.17.11",
      "resolved": "https://nexus-ci.delta.sbrf.ru/repository/npm-all/@esbuild/freebsd-arm64/-/freebsd-arm64-0.17.11.tgz",
      "integrity": "sha1-1ROOhz4V+HvUVkwCTfoA7zfmI/0=",
      "dev": true,
      "license": "MIT",
      "optional": true,
      "engines": {
        "node": ">=12"
      }
    },
    "node_modules/@esbuild/freebsd-x64": {
      "version": "0.17.11",
      "resolved": "https://nexus-ci.delta.sbrf.ru/repository/npm-all/@esbuild/freebsd-x64/-/freebsd-x64-0.17.11.tgz",
      "integrity": "sha1-6FC1i4+r+OnvDhJa88JSKa0tbDg=",
      "dev": true,
      "license": "MIT",
      "optional": true,
      "engines": {
        "node": ">=12"
      }
    },
    "node_modules/@esbuild/linux-arm": {
      "version": "0.17.11",
      "resolved": "https://nexus-ci.delta.sbrf.ru/repository/npm-all/@esbuild/linux-arm/-/linux-arm-0.17.11.tgz",
      "integrity": "sha1-5W+zt2goMXpwT0oWfFvXkP5TFOc=",
      "dev": true,
      "license": "MIT",
      "optional": true,
      "engines": {
        "node": ">=12"
      }
    },
    "node_modules/@esbuild/linux-arm64": {
      "version": "0.17.11",
      "resolved": "https://nexus-ci.delta.sbrf.ru/repository/npm-all/@esbuild/linux-arm64/-/linux-arm64-0.17.11.tgz",
      "integrity": "sha1-K/uT0ICewjV8Euuydza3UMmuCqU=",
      "dev": true,
      "license": "MIT",
      "optional": true,
      "engines": {
        "node": ">=12"
      }
    },
    "node_modules/@esbuild/linux-ia32": {
      "version": "0.17.11",
      "resolved": "https://nexus-ci.delta.sbrf.ru/repository/npm-all/@esbuild/linux-ia32/-/linux-ia32-0.17.11.tgz",
      "integrity": "sha1-WfocSbJxeT0U617/x1fowNDLLKs=",
      "dev": true,
      "license": "MIT",
      "optional": true,
      "engines": {
        "node": ">=12"
      }
    },
    "node_modules/@esbuild/linux-loong64": {
      "version": "0.17.11",
      "resolved": "https://nexus-ci.delta.sbrf.ru/repository/npm-all/@esbuild/linux-loong64/-/linux-loong64-0.17.11.tgz",
      "integrity": "sha1-iVdbwYkJnAOjbapU8/SBeAx/1QI=",
      "dev": true,
      "license": "MIT",
      "optional": true,
      "engines": {
        "node": ">=12"
      }
    },
    "node_modules/@esbuild/linux-mips64el": {
      "version": "0.17.11",
      "resolved": "https://nexus-ci.delta.sbrf.ru/repository/npm-all/@esbuild/linux-mips64el/-/linux-mips64el-0.17.11.tgz",
      "integrity": "sha1-DhjKA53H5GRe/Y7cGxCVKTPraxs=",
      "dev": true,
      "license": "MIT",
      "optional": true,
      "engines": {
        "node": ">=12"
      }
    },
    "node_modules/@esbuild/linux-ppc64": {
      "version": "0.17.11",
      "resolved": "https://nexus-ci.delta.sbrf.ru/repository/npm-all/@esbuild/linux-ppc64/-/linux-ppc64-0.17.11.tgz",
      "integrity": "sha1-LRUss6JTr7jBAKFlrRMtyW82yxE=",
      "dev": true,
      "license": "MIT",
      "optional": true,
      "engines": {
        "node": ">=12"
      }
    },
    "node_modules/@esbuild/linux-riscv64": {
      "version": "0.17.11",
      "resolved": "https://nexus-ci.delta.sbrf.ru/repository/npm-all/@esbuild/linux-riscv64/-/linux-riscv64-0.17.11.tgz",
      "integrity": "sha1-xqxJSoEiHVPWWzPmZcffF0eVLTw=",
      "dev": true,
      "license": "MIT",
      "optional": true,
      "engines": {
        "node": ">=12"
      }
    },
    "node_modules/@esbuild/linux-s390x": {
      "version": "0.17.11",
      "resolved": "https://nexus-ci.delta.sbrf.ru/repository/npm-all/@esbuild/linux-s390x/-/linux-s390x-0.17.11.tgz",
      "integrity": "sha1-S60ziUvHQVzqS+j6kP5FYiakJK0=",
      "dev": true,
      "license": "MIT",
      "optional": true,
      "engines": {
        "node": ">=12"
      }
    },
    "node_modules/@esbuild/linux-x64": {
      "version": "0.17.11",
      "resolved": "https://nexus-ci.delta.sbrf.ru/repository/npm-all/@esbuild/linux-x64/-/linux-x64-0.17.11.tgz",
      "integrity": "sha1-kD/adDRZ9TChamxu6NLA9sGhL8c=",
      "dev": true,
      "license": "MIT",
      "optional": true,
      "engines": {
        "node": ">=12"
      }
    },
    "node_modules/@esbuild/netbsd-x64": {
      "version": "0.17.11",
      "resolved": "https://nexus-ci.delta.sbrf.ru/repository/npm-all/@esbuild/netbsd-x64/-/netbsd-x64-0.17.11.tgz",
      "integrity": "sha1-tYkjn+fZsW7gPF4ZHz9bZA8VGKE=",
      "dev": true,
      "license": "MIT",
      "optional": true,
      "engines": {
        "node": ">=12"
      }
    },
    "node_modules/@esbuild/openbsd-x64": {
      "version": "0.17.11",
      "resolved": "https://nexus-ci.delta.sbrf.ru/repository/npm-all/@esbuild/openbsd-x64/-/openbsd-x64-0.17.11.tgz",
      "integrity": "sha1-s1UBl1QRa+857GiPj9L+ZHG5d5s=",
      "dev": true,
      "license": "MIT",
      "optional": true,
      "engines": {
        "node": ">=12"
      }
    },
    "node_modules/@esbuild/sunos-x64": {
      "version": "0.17.11",
      "resolved": "https://nexus-ci.delta.sbrf.ru/repository/npm-all/@esbuild/sunos-x64/-/sunos-x64-0.17.11.tgz",
      "integrity": "sha1-LqR/tZLmhAblAlp2ltxxT8ahFdw=",
      "dev": true,
      "license": "MIT",
      "optional": true,
      "engines": {
        "node": ">=12"
      }
    },
    "node_modules/@esbuild/win32-arm64": {
      "version": "0.17.11",
      "resolved": "https://nexus-ci.delta.sbrf.ru/repository/npm-all/@esbuild/win32-arm64/-/win32-arm64-0.17.11.tgz",
      "integrity": "sha1-R+b9qxfExS5uDWBt2cuEOymCYyU=",
      "dev": true,
      "license": "MIT",
      "optional": true,
      "engines": {
        "node": ">=12"
      }
    },
    "node_modules/@esbuild/win32-ia32": {
      "version": "0.17.11",
      "resolved": "https://nexus-ci.delta.sbrf.ru/repository/npm-all/@esbuild/win32-ia32/-/win32-ia32-0.17.11.tgz",
      "integrity": "sha1-qXJzqjFkyNj1AYmfVcx1pKeVmaM=",
      "dev": true,
      "license": "MIT",
      "optional": true,
      "engines": {
        "node": ">=12"
      }
    },
    "node_modules/@esbuild/win32-x64": {
      "version": "0.17.11",
      "resolved": "https://nexus-ci.delta.sbrf.ru/repository/npm-all/@esbuild/win32-x64/-/win32-x64-0.17.11.tgz",
      "integrity": "sha1-m+eW2Trie2Ntoy2WCJmkkSvKJ6E=",
      "dev": true,
      "license": "MIT",
      "optional": true,
      "engines": {
        "node": ">=12"
      }
    },
    "node_modules/balanced-match": {
      "version": "1.0.2",
      "resolved": "https://nexus-ci.delta.sbrf.ru/repository/npm-all/balanced-match/-/balanced-match-1.0.2.tgz",
      "integrity": "sha1-6D46fj8wCzTLnYf2FfoMvzV2kO4=",
      "dev": true,
      "license": "MIT"
    },
    "node_modules/brace-expansion": {
      "version": "2.0.1",
      "resolved": "https://nexus-ci.delta.sbrf.ru/repository/npm-all/brace-expansion/-/brace-expansion-2.0.1.tgz",
      "integrity": "sha1-HtxFng8MVISG7Pn8mfIiE2S5oK4=",
      "dev": true,
      "license": "MIT",
      "dependencies": {
        "balanced-match": "^1.0.0"
      }
    },
    "node_modules/esbuild": {
      "version": "0.17.11",
      "resolved": "https://nexus-ci.delta.sbrf.ru/repository/npm-all/esbuild/-/esbuild-0.17.11.tgz",
      "integrity": "sha1-nzEiZDsh1+dzHkLxhXbBC/ooFSs=",
      "dev": true,
      "license": "MIT",
      "bin": {
        "esbuild": "bin/esbuild"
      },
      "engines": {
        "node": ">=12"
      },
      "optionalDependencies": {
        "@esbuild/android-arm": "0.17.11",
        "@esbuild/android-arm64": "0.17.11",
        "@esbuild/android-x64": "0.17.11",
        "@esbuild/darwin-arm64": "0.17.11",
        "@esbuild/darwin-x64": "0.17.11",
        "@esbuild/freebsd-arm64": "0.17.11",
        "@esbuild/freebsd-x64": "0.17.11",
        "@esbuild/linux-arm": "0.17.11",
        "@esbuild/linux-arm64": "0.17.11",
        "@esbuild/linux-ia32": "0.17.11",
        "@esbuild/linux-loong64": "0.17.11",
        "@esbuild/linux-mips64el": "0.17.11",
        "@esbuild/linux-ppc64": "0.17.11",
        "@esbuild/linux-riscv64": "0.17.11",
        "@esbuild/linux-s390x": "0.17.11",
        "@esbuild/linux-x64": "0.17.11",
        "@esbuild/netbsd-x64": "0.17.11",
        "@esbuild/openbsd-x64": "0.17.11",
        "@esbuild/sunos-x64": "0.17.11",
        "@esbuild/win32-arm64": "0.17.11",
        "@esbuild/win32-ia32": "0.17.11",
        "@esbuild/win32-x64": "0.17.11"
      }
    },
    "node_modules/fs.realpath": {
      "version": "1.0.0",
      "resolved": "https://nexus-ci.delta.sbrf.ru/repository/npm-all/fs.realpath/-/fs.realpath-1.0.0.tgz",
      "integrity": "sha1-FQStJSMVjKpA20onh8sBQRmU6k8=",
      "dev": true,
      "license": "ISC"
    },
    "node_modules/glob": {
      "version": "9.2.1",
      "resolved": "https://nexus-ci.delta.sbrf.ru/repository/npm-all/glob/-/glob-9.2.1.tgz",
      "integrity": "sha1-9H404RGefU+TpUbnWFG6Hx5o3lA=",
      "dev": true,
      "license": "ISC",
      "dependencies": {
        "fs.realpath": "^1.0.0",
        "minimatch": "^7.4.1",
        "minipass": "^4.2.4",
        "path-scurry": "^1.6.1"
      },
      "engines": {
        "node": ">=16 || 14 >=14.17"
      }
    },
    "node_modules/lru-cache": {
      "version": "7.18.3",
      "resolved": "https://nexus-ci.delta.sbrf.ru/repository/npm-all/lru-cache/-/lru-cache-7.18.3.tgz",
      "integrity": "sha1-95OJbg/Q6VSlnf3YLwdzgI32qok=",
      "dev": true,
      "license": "ISC",
      "engines": {
        "node": ">=12"
      }
    },
    "node_modules/minimatch": {
      "version": "7.4.2",
      "resolved": "https://nexus-ci.delta.sbrf.ru/repository/npm-all/minimatch/-/minimatch-7.4.2.tgz",
      "integrity": "sha1-FX6EfXnKZxBUJTuEBlZyDLcz8Q8=",
      "dev": true,
      "license": "ISC",
      "dependencies": {
        "brace-expansion": "^2.0.1"
      },
      "engines": {
        "node": ">=10"
      }
    },
    "node_modules/minipass": {
      "version": "4.2.5",
      "resolved": "https://nexus-ci.delta.sbrf.ru/repository/npm-all/minipass/-/minipass-4.2.5.tgz",
      "integrity": "sha1-ng5SVvHjUT+MNGkd1oVJ6FssjOs=",
      "dev": true,
      "license": "ISC",
      "engines": {
        "node": ">=8"
      }
    },
    "node_modules/path-scurry": {
      "version": "1.6.1",
      "resolved": "https://nexus-ci.delta.sbrf.ru/repository/npm-all/path-scurry/-/path-scurry-1.6.1.tgz",
      "integrity": "sha1-2rRfe7HT9FoOJxqyWJmfSrfiMTI=",
      "dev": true,
      "license": "BlueOak-1.0.0",
      "dependencies": {
        "lru-cache": "^7.14.1",
        "minipass": "^4.0.2"
      },
      "engines": {
        "node": ">=14"
      }
    },
    "node_modules/rimraf": {
      "version": "4.4.0",
      "resolved": "https://nexus-ci.delta.sbrf.ru/repository/npm-all/rimraf/-/rimraf-4.4.0.tgz",
      "integrity": "sha1-x6n0W7LsBY0uYO+aylFnl0MT1gU=",
      "dev": true,
      "license": "ISC",
      "dependencies": {
        "glob": "^9.2.0"
      },
      "bin": {
        "rimraf": "dist/cjs/src/bin.js"
      },
      "engines": {
        "node": ">=14"
      }
    },
    "node_modules/typescript": {
      "version": "4.9.5",
      "resolved": "https://nexus-ci.delta.sbrf.ru/repository/npm-all/typescript/-/typescript-4.9.5.tgz",
      "integrity": "sha1-CVl5+bzA0J2jJNWNA86Pg3TL5lo=",
      "dev": true,
      "license": "Apache-2.0",
      "bin": {
        "tsc": "bin/tsc",
        "tsserver": "bin/tsserver"
      },
      "engines": {
        "node": ">=4.2.0"
      }
    }
  },
  "dependencies": {
    "@esbuild/android-arm": {
      "version": "0.17.11",
      "resolved": "https://nexus-ci.delta.sbrf.ru/repository/npm-all/@esbuild/android-arm/-/android-arm-0.17.11.tgz",
      "integrity": "sha1-8/x2gjWuy+uEDQBJ/fE80oWSEF8=",
      "dev": true,
      "optional": true
    },
    "@esbuild/android-arm64": {
      "version": "0.17.11",
      "resolved": "https://nexus-ci.delta.sbrf.ru/repository/npm-all/@esbuild/android-arm64/-/android-arm64-0.17.11.tgz",
      "integrity": "sha1-UsPmyrwZxeTBwMActY8EQjOOHBQ=",
      "dev": true,
      "optional": true
    },
    "@esbuild/android-x64": {
      "version": "0.17.11",
      "resolved": "https://nexus-ci.delta.sbrf.ru/repository/npm-all/@esbuild/android-x64/-/android-x64-0.17.11.tgz",
      "integrity": "sha1-RD7Ud3Gn6RfkKCRpujUNEXRzVQw=",
      "dev": true,
      "optional": true
    },
    "@esbuild/darwin-arm64": {
      "version": "0.17.11",
      "resolved": "https://nexus-ci.delta.sbrf.ru/repository/npm-all/@esbuild/darwin-arm64/-/darwin-arm64-0.17.11.tgz",
      "integrity": "sha1-Dox42U1XWaSFIdv9gxidLtNJmhY=",
      "dev": true,
      "optional": true
    },
    "@esbuild/darwin-x64": {
      "version": "0.17.11",
      "resolved": "https://nexus-ci.delta.sbrf.ru/repository/npm-all/@esbuild/darwin-x64/-/darwin-x64-0.17.11.tgz",
      "integrity": "sha1-JAXP33Drlhx8+XNGPKcmPcIATIg=",
      "dev": true,
      "optional": true
    },
    "@esbuild/freebsd-arm64": {
      "version": "0.17.11",
      "resolved": "https://nexus-ci.delta.sbrf.ru/repository/npm-all/@esbuild/freebsd-arm64/-/freebsd-arm64-0.17.11.tgz",
      "integrity": "sha1-1ROOhz4V+HvUVkwCTfoA7zfmI/0=",
      "dev": true,
      "optional": true
    },
    "@esbuild/freebsd-x64": {
      "version": "0.17.11",
      "resolved": "https://nexus-ci.delta.sbrf.ru/repository/npm-all/@esbuild/freebsd-x64/-/freebsd-x64-0.17.11.tgz",
      "integrity": "sha1-6FC1i4+r+OnvDhJa88JSKa0tbDg=",
      "dev": true,
      "optional": true
    },
    "@esbuild/linux-arm": {
      "version": "0.17.11",
      "resolved": "https://nexus-ci.delta.sbrf.ru/repository/npm-all/@esbuild/linux-arm/-/linux-arm-0.17.11.tgz",
      "integrity": "sha1-5W+zt2goMXpwT0oWfFvXkP5TFOc=",
      "dev": true,
      "optional": true
    },
    "@esbuild/linux-arm64": {
      "version": "0.17.11",
      "resolved": "https://nexus-ci.delta.sbrf.ru/repository/npm-all/@esbuild/linux-arm64/-/linux-arm64-0.17.11.tgz",
      "integrity": "sha1-K/uT0ICewjV8Euuydza3UMmuCqU=",
      "dev": true,
      "optional": true
    },
    "@esbuild/linux-ia32": {
      "version": "0.17.11",
      "resolved": "https://nexus-ci.delta.sbrf.ru/repository/npm-all/@esbuild/linux-ia32/-/linux-ia32-0.17.11.tgz",
      "integrity": "sha1-WfocSbJxeT0U617/x1fowNDLLKs=",
      "dev": true,
      "optional": true
    },
    "@esbuild/linux-loong64": {
      "version": "0.17.11",
      "resolved": "https://nexus-ci.delta.sbrf.ru/repository/npm-all/@esbuild/linux-loong64/-/linux-loong64-0.17.11.tgz",
      "integrity": "sha1-iVdbwYkJnAOjbapU8/SBeAx/1QI=",
      "dev": true,
      "optional": true
    },
    "@esbuild/linux-mips64el": {
      "version": "0.17.11",
      "resolved": "https://nexus-ci.delta.sbrf.ru/repository/npm-all/@esbuild/linux-mips64el/-/linux-mips64el-0.17.11.tgz",
      "integrity": "sha1-DhjKA53H5GRe/Y7cGxCVKTPraxs=",
      "dev": true,
      "optional": true
    },
    "@esbuild/linux-ppc64": {
      "version": "0.17.11",
      "resolved": "https://nexus-ci.delta.sbrf.ru/repository/npm-all/@esbuild/linux-ppc64/-/linux-ppc64-0.17.11.tgz",
      "integrity": "sha1-LRUss6JTr7jBAKFlrRMtyW82yxE=",
      "dev": true,
      "optional": true
    },
    "@esbuild/linux-riscv64": {
      "version": "0.17.11",
      "resolved": "https://nexus-ci.delta.sbrf.ru/repository/npm-all/@esbuild/linux-riscv64/-/linux-riscv64-0.17.11.tgz",
      "integrity": "sha1-xqxJSoEiHVPWWzPmZcffF0eVLTw=",
      "dev": true,
      "optional": true
    },
    "@esbuild/linux-s390x": {
      "version": "0.17.11",
      "resolved": "https://nexus-ci.delta.sbrf.ru/repository/npm-all/@esbuild/linux-s390x/-/linux-s390x-0.17.11.tgz",
      "integrity": "sha1-S60ziUvHQVzqS+j6kP5FYiakJK0=",
      "dev": true,
      "optional": true
    },
    "@esbuild/linux-x64": {
      "version": "0.17.11",
      "resolved": "https://nexus-ci.delta.sbrf.ru/repository/npm-all/@esbuild/linux-x64/-/linux-x64-0.17.11.tgz",
      "integrity": "sha1-kD/adDRZ9TChamxu6NLA9sGhL8c=",
      "dev": true,
      "optional": true
    },
    "@esbuild/netbsd-x64": {
      "version": "0.17.11",
      "resolved": "https://nexus-ci.delta.sbrf.ru/repository/npm-all/@esbuild/netbsd-x64/-/netbsd-x64-0.17.11.tgz",
      "integrity": "sha1-tYkjn+fZsW7gPF4ZHz9bZA8VGKE=",
      "dev": true,
      "optional": true
    },
    "@esbuild/openbsd-x64": {
      "version": "0.17.11",
      "resolved": "https://nexus-ci.delta.sbrf.ru/repository/npm-all/@esbuild/openbsd-x64/-/openbsd-x64-0.17.11.tgz",
      "integrity": "sha1-s1UBl1QRa+857GiPj9L+ZHG5d5s=",
      "dev": true,
      "optional": true
    },
    "@esbuild/sunos-x64": {
      "version": "0.17.11",
      "resolved": "https://nexus-ci.delta.sbrf.ru/repository/npm-all/@esbuild/sunos-x64/-/sunos-x64-0.17.11.tgz",
      "integrity": "sha1-LqR/tZLmhAblAlp2ltxxT8ahFdw=",
      "dev": true,
      "optional": true
    },
    "@esbuild/win32-arm64": {
      "version": "0.17.11",
      "resolved": "https://nexus-ci.delta.sbrf.ru/repository/npm-all/@esbuild/win32-arm64/-/win32-arm64-0.17.11.tgz",
      "integrity": "sha1-R+b9qxfExS5uDWBt2cuEOymCYyU=",
      "dev": true,
      "optional": true
    },
    "@esbuild/win32-ia32": {
      "version": "0.17.11",
      "resolved": "https://nexus-ci.delta.sbrf.ru/repository/npm-all/@esbuild/win32-ia32/-/win32-ia32-0.17.11.tgz",
      "integrity": "sha1-qXJzqjFkyNj1AYmfVcx1pKeVmaM=",
      "dev": true,
      "optional": true
    },
    "@esbuild/win32-x64": {
      "version": "0.17.11",
      "resolved": "https://nexus-ci.delta.sbrf.ru/repository/npm-all/@esbuild/win32-x64/-/win32-x64-0.17.11.tgz",
      "integrity": "sha1-m+eW2Trie2Ntoy2WCJmkkSvKJ6E=",
      "dev": true,
      "optional": true
    },
    "balanced-match": {
      "version": "1.0.2",
      "resolved": "https://nexus-ci.delta.sbrf.ru/repository/npm-all/balanced-match/-/balanced-match-1.0.2.tgz",
      "integrity": "sha1-6D46fj8wCzTLnYf2FfoMvzV2kO4=",
      "dev": true
    },
    "brace-expansion": {
      "version": "2.0.1",
      "resolved": "https://nexus-ci.delta.sbrf.ru/repository/npm-all/brace-expansion/-/brace-expansion-2.0.1.tgz",
      "integrity": "sha1-HtxFng8MVISG7Pn8mfIiE2S5oK4=",
      "dev": true,
      "requires": {
        "balanced-match": "^1.0.0"
      }
    },
    "esbuild": {
      "version": "0.17.11",
      "resolved": "https://nexus-ci.delta.sbrf.ru/repository/npm-all/esbuild/-/esbuild-0.17.11.tgz",
      "integrity": "sha1-nzEiZDsh1+dzHkLxhXbBC/ooFSs=",
      "dev": true,
      "requires": {
        "@esbuild/android-arm": "0.17.11",
        "@esbuild/android-arm64": "0.17.11",
        "@esbuild/android-x64": "0.17.11",
        "@esbuild/darwin-arm64": "0.17.11",
        "@esbuild/darwin-x64": "0.17.11",
        "@esbuild/freebsd-arm64": "0.17.11",
        "@esbuild/freebsd-x64": "0.17.11",
        "@esbuild/linux-arm": "0.17.11",
        "@esbuild/linux-arm64": "0.17.11",
        "@esbuild/linux-ia32": "0.17.11",
        "@esbuild/linux-loong64": "0.17.11",
        "@esbuild/linux-mips64el": "0.17.11",
        "@esbuild/linux-ppc64": "0.17.11",
        "@esbuild/linux-riscv64": "0.17.11",
        "@esbuild/linux-s390x": "0.17.11",
        "@esbuild/linux-x64": "0.17.11",
        "@esbuild/netbsd-x64": "0.17.11",
        "@esbuild/openbsd-x64": "0.17.11",
        "@esbuild/sunos-x64": "0.17.11",
        "@esbuild/win32-arm64": "0.17.11",
        "@esbuild/win32-ia32": "0.17.11",
        "@esbuild/win32-x64": "0.17.11"
      }
    },
    "fs.realpath": {
      "version": "1.0.0",
      "resolved": "https://nexus-ci.delta.sbrf.ru/repository/npm-all/fs.realpath/-/fs.realpath-1.0.0.tgz",
      "integrity": "sha1-FQStJSMVjKpA20onh8sBQRmU6k8=",
      "dev": true
    },
    "glob": {
      "version": "9.2.1",
      "resolved": "https://nexus-ci.delta.sbrf.ru/repository/npm-all/glob/-/glob-9.2.1.tgz",
      "integrity": "sha1-9H404RGefU+TpUbnWFG6Hx5o3lA=",
      "dev": true,
      "requires": {
        "fs.realpath": "^1.0.0",
        "minimatch": "^7.4.1",
        "minipass": "^4.2.4",
        "path-scurry": "^1.6.1"
      }
    },
    "lru-cache": {
      "version": "7.18.3",
      "resolved": "https://nexus-ci.delta.sbrf.ru/repository/npm-all/lru-cache/-/lru-cache-7.18.3.tgz",
      "integrity": "sha1-95OJbg/Q6VSlnf3YLwdzgI32qok=",
      "dev": true
    },
    "minimatch": {
      "version": "7.4.2",
      "resolved": "https://nexus-ci.delta.sbrf.ru/repository/npm-all/minimatch/-/minimatch-7.4.2.tgz",
      "integrity": "sha1-FX6EfXnKZxBUJTuEBlZyDLcz8Q8=",
      "dev": true,
      "requires": {
        "brace-expansion": "^2.0.1"
      }
    },
    "minipass": {
      "version": "4.2.5",
      "resolved": "https://nexus-ci.delta.sbrf.ru/repository/npm-all/minipass/-/minipass-4.2.5.tgz",
      "integrity": "sha1-ng5SVvHjUT+MNGkd1oVJ6FssjOs=",
      "dev": true
    },
    "path-scurry": {
      "version": "1.6.1",
      "resolved": "https://nexus-ci.delta.sbrf.ru/repository/npm-all/path-scurry/-/path-scurry-1.6.1.tgz",
      "integrity": "sha1-2rRfe7HT9FoOJxqyWJmfSrfiMTI=",
      "dev": true,
      "requires": {
        "lru-cache": "^7.14.1",
        "minipass": "^4.0.2"
      }
    },
    "rimraf": {
      "version": "4.4.0",
      "resolved": "https://nexus-ci.delta.sbrf.ru/repository/npm-all/rimraf/-/rimraf-4.4.0.tgz",
      "integrity": "sha1-x6n0W7LsBY0uYO+aylFnl0MT1gU=",
      "dev": true,
      "requires": {
        "glob": "^9.2.0"
      }
    },
    "typescript": {
      "version": "4.9.5",
      "resolved": "https://nexus-ci.delta.sbrf.ru/repository/npm-all/typescript/-/typescript-4.9.5.tgz",
      "integrity": "sha1-CVl5+bzA0J2jJNWNA86Pg3TL5lo=",
      "dev": true
    }
  }
}
